<?xml version="1.0" encoding="utf-8"?>
<Project ToolsVersion="4.0" xmlns="http://schemas.microsoft.com/developer/msbuild/2003">
  <ItemGroup>
    <Filter Include="Source files">
      <UniqueIdentifier>{c06e4425-b002-47bc-8858-9268b7fcc2b5}</UniqueIdentifier>
      <Extensions>cpp;c;cc;cxx;def;odl;idl;hpj;bat;asm;asmx</Extensions>
    </Filter>
    <Filter Include="Header files">
      <UniqueIdentifier>{b3400bbd-0123-4cfb-bfe4-8fde46cda5c6}</UniqueIdentifier>
      <Extensions>h;hpp;hxx;hm;inl;inc;xsd</Extensions>
    </Filter>
    <Filter Include="Resource files">
      <UniqueIdentifier>{0e2701d5-4001-4d62-bb05-84f1ffc420c4}</UniqueIdentifier>
      <Extensions>rc;ico;cur;bmp;dlg;rc2;rct;bin;rgs;gif;jpg;jpeg;jpe;resx;tiff;tif;png;wav</Extensions>
    </Filter>
    <Filter Include="Make files">
      <UniqueIdentifier>{3b7d1f26-b923-47ab-8206-a654f50b4193}</UniqueIdentifier>
      <Extensions>*.mak</Extensions>
    </Filter>
  </ItemGroup>
  <ItemGroup>
    <None Include="Makefile" />
    <None Include="debug.mak">
      <Filter>Make files</Filter>
    </None>
    <None Include="release.mak">
      <Filter>Make files</Filter>
    </None>
    <None Include="..\gtest-1.7.0\include\gtest\gtest-param-test.h.pump">
      <Filter>Header files</Filter>
    </None>
  </ItemGroup>
  <ItemGroup>
    <ClInclude Include="..\gtest-1.7.0\include\gtest\gtest.h">
      <Filter>Header files</Filter>
    </ClInclude>
    <ClInclude Include="..\gtest-1.7.0\include\gtest\gtest_pred_impl.h">
      <Filter>Header files</Filter>
    </ClInclude>
    <ClInclude Include="..\gtest-1.7.0\include\gtest\gtest_prod.h">
      <Filter>Header files</Filter>
    </ClInclude>
    <ClInclude Include="..\gtest-1.7.0\include\gtest\gtest-death-test.h">
      <Filter>Header files</Filter>
    </ClInclude>
    <ClInclude Include="..\gtest-1.7.0\include\gtest\gtest-message.h">
      <Filter>Header files</Filter>
    </ClInclude>
    <ClInclude Include="..\gtest-1.7.0\include\gtest\gtest-param-test.h">
      <Filter>Header files</Filter>
    </ClInclude>
    <ClInclude Include="..\gtest-1.7.0\include\gtest\gtest-printers.h">
      <Filter>Header files</Filter>
    </ClInclude>
    <ClInclude Include="..\gtest-1.7.0\include\gtest\gtest-spi.h">
      <Filter>Header files</Filter>
    </ClInclude>
    <ClInclude Include="..\gtest-1.7.0\include\gtest\gtest-test-part.h">
      <Filter>Header files</Filter>
    </ClInclude>
    <ClInclude Include="..\gtest-1.7.0\include\gtest\gtest-typed-test.h">
      <Filter>Header files</Filter>
    </ClInclude>
  </ItemGroup>
  <ItemGroup>
    <ClCompile Include="..\gtest-1.7.0\src\gtest_main.cc">
      <Filter>Source files</Filter>
    </ClCompile>
    <ClCompile Include="..\gtest-1.7.0\src\gtest-all.cc">
      <Filter>Source files</Filter>
    </ClCompile>
  </ItemGroup>
</Project>